
Microsoft Visual Studio Solution File, Format Version 12.00
# Visual Studio Version 17
VisualStudioVersion = 17.7.34018.315
MinimumVisualStudioVersion = 10.0.40219.1
Project("{9A19103F-16F7-4668-BE54-9A1E7A4F7556}") = "ITW.FluentMasker", "ITW.FluentMasker\ITW.FluentMasker.csproj", "{555A2074-646A-4877-B94D-ABB2692333E9}"
EndProject
Project("{FAE04EC0-301F-11D3-BF4B-00C04F79EFBC}") = "ITW.FluentMasker.TestConsole", "ITW.FluentMasker.TestConsole\ITW.FluentMasker.TestConsole.csproj", "{EF2F4155-56E2-49E6-8672-9D8944830E8F}"
EndProject
Project("{FAE04EC0-301F-11D3-BF4B-00C04F79EFBC}") = "ITW.FluentMasker.UnitTests", "ITW.FluentMasker.UnitTests\ITW.FluentMasker.UnitTests.csproj", "{BFE1D8F8-7A83-4CB2-BCD3-5F8EAF85651F}"
EndProject
Project("{2150E333-8FDC-42A3-9474-1A3956D46DE8}") = "Samples", "Samples", "{02EA681E-C7D8-13C7-8484-4AC65E1B71E8}"
EndProject
Project("{FAE04EC0-301F-11D3-BF4B-00C04F79EFBC}") = "ITW.FluentMasker.Serilog.Destructure.Sample", "ITW.FluentMasker.Serilog.Destructure.Sample\ITW.FluentMasker.Serilog.Destructure.Sample.csproj", "{9E9B47DC-EB5D-48BC-B518-1AB26B19F9DC}"
EndProject
Global
	GlobalSection(SolutionConfigurationPlatforms) = preSolution
		Debug|Any CPU = Debug|Any CPU
		Release|Any CPU = Release|Any CPU
	EndGlobalSection
	GlobalSection(ProjectConfigurationPlatforms) = postSolution
		{555A2074-646A-4877-B94D-ABB2692333E9}.Debug|Any CPU.ActiveCfg = Debug|Any CPU
		{555A2074-646A-4877-B94D-ABB2692333E9}.Debug|Any CPU.Build.0 = Debug|Any CPU
		{555A2074-646A-4877-B94D-ABB2692333E9}.Release|Any CPU.ActiveCfg = Release|Any CPU
		{555A2074-646A-4877-B94D-ABB2692333E9}.Release|Any CPU.Build.0 = Release|Any CPU
		{EF2F4155-56E2-49E6-8672-9D8944830E8F}.Debug|Any CPU.ActiveCfg = Debug|Any CPU
		{EF2F4155-56E2-49E6-8672-9D8944830E8F}.Debug|Any CPU.Build.0 = Debug|Any CPU
		{EF2F4155-56E2-49E6-8672-9D8944830E8F}.Release|Any CPU.ActiveCfg = Release|Any CPU
		{EF2F4155-56E2-49E6-8672-9D8944830E8F}.Release|Any CPU.Build.0 = Release|Any CPU
		{BFE1D8F8-7A83-4CB2-BCD3-5F8EAF85651F}.Debug|Any CPU.ActiveCfg = Debug|Any CPU
		{BFE1D8F8-7A83-4CB2-BCD3-5F8EAF85651F}.Debug|Any CPU.Build.0 = Debug|Any CPU
		{BFE1D8F8-7A83-4CB2-BCD3-5F8EAF85651F}.Release|Any CPU.ActiveCfg = Release|Any CPU
		{BFE1D8F8-7A83-4CB2-BCD3-5F8EAF85651F}.Release|Any CPU.Build.0 = Release|Any CPU
		{9E9B47DC-EB5D-48BC-B518-1AB26B19F9DC}.Debug|Any CPU.ActiveCfg = Debug|Any CPU
		{9E9B47DC-EB5D-48BC-B518-1AB26B19F9DC}.Debug|Any CPU.Build.0 = Debug|Any CPU
		{9E9B47DC-EB5D-48BC-B518-1AB26B19F9DC}.Release|Any CPU.ActiveCfg = Release|Any CPU
		{9E9B47DC-EB5D-48BC-B518-1AB26B19F9DC}.Release|Any CPU.Build.0 = Release|Any CPU
	EndGlobalSection
	GlobalSection(SolutionProperties) = preSolution
		HideSolutionNode = FALSE
	EndGlobalSection
	GlobalSection(NestedProjects) = preSolution
		{9E9B47DC-EB5D-48BC-B518-1AB26B19F9DC} = {02EA681E-C7D8-13C7-8484-4AC65E1B71E8}
	EndGlobalSection
	GlobalSection(ExtensibilityGlobals) = postSolution
		SolutionGuid = {A67C6597-06C5-4783-84D0-9FE77C2957AA}
	EndGlobalSection
EndGlobal
